Microsoft Visual Studio Solution File, Format Version 12.00
# Visual Studio Version 17
VisualStudioVersion = 17.5.2.0
MinimumVisualStudioVersion = 10.0.40219.1
Project("{FAE04EC0-301F-11D3-BF4B-00C04F79EFBC}") = "CasoDos", "CasoDos.csproj", "{73ED2AED-956C-344E-0B84-241ACC1C747E}"
EndProject
Global
	GlobalSection(SolutionConfigurationPlatforms) = preSolution
		Debug|Any CPU = Debug|Any CPU
		Release|Any CPU = Release|Any CPU
	EndGlobalSection
	GlobalSection(ProjectConfigurationPlatforms) = postSolution
		{73ED2AED-956C-344E-0B84-241ACC1C747E}.Debug|Any CPU.ActiveCfg = Debug|Any CPU
		{73ED2AED-956C-344E-0B84-241ACC1C747E}.Debug|Any CPU.Build.0 = Debug|Any CPU
		{73ED2AED-956C-344E-0B84-241ACC1C747E}.Release|Any CPU.ActiveCfg = Release|Any CPU
		{73ED2AED-956C-344E-0B84-241ACC1C747E}.Release|Any CPU.Build.0 = Release|Any CPU
	EndGlobalSection
	GlobalSection(SolutionProperties) = preSolution
		HideSolutionNode = FALSE
	EndGlobalSection
	GlobalSection(ExtensibilityGlobals) = postSolution
		SolutionGuid = {DEE3DB73-6DAD-4517-ADE9-3FC445852971}
	EndGlobalSection
EndGlobal
